
Microsoft Visual Studio Solution File, Format Version 12.00
# Visual Studio Version 17
VisualStudioVersion = 17.1.32328.378
MinimumVisualStudioVersion = 10.0.40219.1
Project("{FAE04EC0-301F-11D3-BF4B-00C04F79EFBC}") = "ConsoleApp2", "ConsoleApp2\ConsoleApp2.csproj", "{2C277565-328C-4D0A-8ECC-2D609B082B6B}"
EndProject
Global
	GlobalSection(SolutionConfigurationPlatforms) = preSolution
		Debug|Any CPU = Debug|Any CPU
		Release|Any CPU = Release|Any CPU
	EndGlobalSection
	GlobalSection(ProjectConfigurationPlatforms) = postSolution
		{2C277565-328C-4D0A-8ECC-2D609B082B6B}.Debug|Any CPU.ActiveCfg = Debug|Any CPU
		{2C277565-328C-4D0A-8ECC-2D609B082B6B}.Debug|Any CPU.Build.0 = Debug|Any CPU
		{2C277565-328C-4D0A-8ECC-2D609B082B6B}.Release|Any CPU.ActiveCfg = Release|Any CPU
		{2C277565-328C-4D0A-8ECC-2D609B082B6B}.Release|Any CPU.Build.0 = Release|Any CPU
	EndGlobalSection
	GlobalSection(SolutionProperties) = preSolution
		HideSolutionNode = FALSE
	EndGlobalSection
	GlobalSection(ExtensibilityGlobals) = postSolution
		SolutionGuid = {08997BF6-4BB4-4C9D-92CC-CED0A803C91E}
	EndGlobalSection
EndGlobal
